{
  "version": 4,
  "terraform_version": "1.3.2",
  "serial": 6,
  "lineage": "9eb9c95c-5702-7015-e71f-e34434d9489e",
  "outputs": {},
  "resources": [
    {
      "mode": "managed",
      "type": "google_project_iam_binding",
      "name": "gke-binding",
      "provider": "provider[\"registry.terraform.io/hashicorp/google\"]",
      "instances": [
        {
          "schema_version": 0,
          "attributes": {
            "condition": [
              {
                "description": "Expiring at midnight of 2022-11-31",
                "expression": "request.time \u003c timestamp(\"2022-12-01T00:00:00Z\")",
                "title": "expires_after_2022_11_31"
              }
            ],
            "etag": "BwXsRJwGGvQ=",
            "id": "ancient-jigsaw-366112/roles/container.admin/expires_after_2022_11_31/Expiring at midnight of 2022-11-31/request.time \u003c timestamp(\"2022-12-01T00:00:00Z\")",
            "members": [
              "serviceAccount:gke-sa-id@ancient-jigsaw-366112.iam.gserviceaccount.com"
            ],
            "project": "ancient-jigsaw-366112",
            "role": "roles/container.admin"
          },
          "sensitive_attributes": [],
          "private": "bnVsbA==",
          "dependencies": [
            "google_service_account.gke-sa"
          ]
        }
      ]
    },
    {
      "mode": "managed",
      "type": "google_service_account",
      "name": "gke-sa",
      "provider": "provider[\"registry.terraform.io/hashicorp/google\"]",
      "instances": [
        {
          "schema_version": 0,
          "attributes": {
            "account_id": "gke-sa-id",
            "description": "",
            "disabled": false,
            "display_name": "GKE Service Account",
            "email": "gke-sa-id@ancient-jigsaw-366112.iam.gserviceaccount.com",
            "id": "projects/ancient-jigsaw-366112/serviceAccounts/gke-sa-id@ancient-jigsaw-366112.iam.gserviceaccount.com",
            "name": "projects/ancient-jigsaw-366112/serviceAccounts/gke-sa-id@ancient-jigsaw-366112.iam.gserviceaccount.com",
            "project": "ancient-jigsaw-366112",
            "timeouts": null,
            "unique_id": "105269470128783787726"
          },
          "sensitive_attributes": [],
          "private": "eyJlMmJmYjczMC1lY2FhLTExZTYtOGY4OC0zNDM2M2JjN2M0YzAiOnsiY3JlYXRlIjozMDAwMDAwMDAwMDB9fQ=="
        }
      ]
    }
  ],
  "check_results": []
}
